// !$*UTF8*$!
{
	archiveVersion = 1;
	classes = {
	};
	objectVersion = 46;
	objects = {

/* Begin PBXBuildFile section */
		03EBA3A9ADE983C3F731B3AA /* Pods_2017_Scouting_Collection.framework in Frameworks */ = {isa = PBXBuildFile; fileRef = 136567B1212855BEA316BE5A /* Pods_2017_Scouting_Collection.framework */; };
		0E21BC00C4EABCE1600A406E /* Pods_2017_Scouting_CollectionTests.framework in Frameworks */ = {isa = PBXBuildFile; fileRef = 46A2AF603B1ED3100723D5D8 /* Pods_2017_Scouting_CollectionTests.framework */; };
		A22B392EE453C8AAD8E95F6D /* Pods_2017_Scouting_CollectionUITests.framework in Frameworks */ = {isa = PBXBuildFile; fileRef = DCDAABA3A9A00B1C1D66ECC3 /* Pods_2017_Scouting_CollectionUITests.framework */; };
		A50FE9F01E0746180087A052 /* AppDelegate.swift in Sources */ = {isa = PBXBuildFile; fileRef = A50FE9EF1E0746180087A052 /* AppDelegate.swift */; };
		A50FE9F21E0746180087A052 /* ViewController.swift in Sources */ = {isa = PBXBuildFile; fileRef = A50FE9F11E0746180087A052 /* ViewController.swift */; };
		A50FE9F51E0746180087A052 /* Main.storyboard in Resources */ = {isa = PBXBuildFile; fileRef = A50FE9F31E0746180087A052 /* Main.storyboard */; };
		A50FE9F81E0746180087A052 /* _017_Scouting_Collection.xcdatamodeld in Sources */ = {isa = PBXBuildFile; fileRef = A50FE9F61E0746180087A052 /* _017_Scouting_Collection.xcdatamodeld */; };
		A50FE9FA1E0746180087A052 /* Assets.xcassets in Resources */ = {isa = PBXBuildFile; fileRef = A50FE9F91E0746180087A052 /* Assets.xcassets */; };
		A50FE9FD1E0746180087A052 /* LaunchScreen.storyboard in Resources */ = {isa = PBXBuildFile; fileRef = A50FE9FB1E0746180087A052 /* LaunchScreen.storyboard */; };
		A50FEA211E074AD40087A052 /* HomeViewController.swift in Sources */ = {isa = PBXBuildFile; fileRef = A50FEA201E074AD40087A052 /* HomeViewController.swift */; };
		A53AE68C1E0896DC00240523 /* TableViewCell.swift in Sources */ = {isa = PBXBuildFile; fileRef = A53AE68B1E0896DC00240523 /* TableViewCell.swift */; };
		A544F1741E09E8550037A898 /* TheRealHomeViewController.swift in Sources */ = {isa = PBXBuildFile; fileRef = A544F1731E09E8550037A898 /* TheRealHomeViewController.swift */; };
		A547FA621E0C917000C14CB0 /* DataModel.swift in Sources */ = {isa = PBXBuildFile; fileRef = A547FA611E0C917000C14CB0 /* DataModel.swift */; };
		A54A8F841E15EF6B0017753B /* ToggleButton.swift in Sources */ = {isa = PBXBuildFile; fileRef = A54A8F831E15EF6B0017753B /* ToggleButton.swift */; };
		A55165A21E15234F00502823 /* Button.swift in Sources */ = {isa = PBXBuildFile; fileRef = A55165A11E15234F00502823 /* Button.swift */; };
		A560E98E1E9D37D300E2A0BE /* ServerInteractor.swift in Sources */ = {isa = PBXBuildFile; fileRef = A560E98D1E9D37D300E2A0BE /* ServerInteractor.swift */; };
		A560E9921E9D37F900E2A0BE /* CoreDataModel.swift in Sources */ = {isa = PBXBuildFile; fileRef = A560E9901E9D37F900E2A0BE /* CoreDataModel.swift */; };
		A560E9931E9D37F900E2A0BE /* MatchModel.swift in Sources */ = {isa = PBXBuildFile; fileRef = A560E9911E9D37F900E2A0BE /* MatchModel.swift */; };
		A5A285A01E0E6A0600FEB8A9 /* AutoViewController.swift in Sources */ = {isa = PBXBuildFile; fileRef = A5A2859F1E0E6A0600FEB8A9 /* AutoViewController.swift */; };
		A5A285A41E0E6A2C00FEB8A9 /* EndgameViewController.swift in Sources */ = {isa = PBXBuildFile; fileRef = A5A285A31E0E6A2C00FEB8A9 /* EndgameViewController.swift */; };
		A5A285AC1E0E6AE100FEB8A9 /* QRViewController.swift in Sources */ = {isa = PBXBuildFile; fileRef = A5A285AB1E0E6AE100FEB8A9 /* QRViewController.swift */; };
		A5B693B81E178CA3003EC6FA /* Lato-Black.ttf in Resources */ = {isa = PBXBuildFile; fileRef = A5B693AD1E178CA3003EC6FA /* Lato-Black.ttf */; };
		A5B693B91E178CA3003EC6FA /* Lato-BlackItalic.ttf in Resources */ = {isa = PBXBuildFile; fileRef = A5B693AE1E178CA3003EC6FA /* Lato-BlackItalic.ttf */; };
		A5B693BA1E178CA3003EC6FA /* Lato-Bold.ttf in Resources */ = {isa = PBXBuildFile; fileRef = A5B693AF1E178CA3003EC6FA /* Lato-Bold.ttf */; };
		A5B693BB1E178CA3003EC6FA /* Lato-BoldItalic.ttf in Resources */ = {isa = PBXBuildFile; fileRef = A5B693B01E178CA3003EC6FA /* Lato-BoldItalic.ttf */; };
		A5B693BC1E178CA3003EC6FA /* Lato-Hairline.ttf in Resources */ = {isa = PBXBuildFile; fileRef = A5B693B11E178CA3003EC6FA /* Lato-Hairline.ttf */; };
		A5B693BD1E178CA3003EC6FA /* Lato-HairlineItalic.ttf in Resources */ = {isa = PBXBuildFile; fileRef = A5B693B21E178CA3003EC6FA /* Lato-HairlineItalic.ttf */; };
		A5B693BE1E178CA3003EC6FA /* Lato-Italic.ttf in Resources */ = {isa = PBXBuildFile; fileRef = A5B693B31E178CA3003EC6FA /* Lato-Italic.ttf */; };
		A5B693BF1E178CA3003EC6FA /* Lato-Light.ttf in Resources */ = {isa = PBXBuildFile; fileRef = A5B693B41E178CA3003EC6FA /* Lato-Light.ttf */; };
		A5B693C01E178CA3003EC6FA /* Lato-LightItalic.ttf in Resources */ = {isa = PBXBuildFile; fileRef = A5B693B51E178CA3003EC6FA /* Lato-LightItalic.ttf */; };
		A5B693C11E178CA3003EC6FA /* Lato-Regular.ttf in Resources */ = {isa = PBXBuildFile; fileRef = A5B693B61E178CA3003EC6FA /* Lato-Regular.ttf */; };
		A5B693C21E178CA3003EC6FA /* OFL.txt in Resources */ = {isa = PBXBuildFile; fileRef = A5B693B71E178CA3003EC6FA /* OFL.txt */; };
		A5C56D8C1EA4495100874DDE /* load-screen.png in Resources */ = {isa = PBXBuildFile; fileRef = A5C56D831EA4495100874DDE /* load-screen.png */; };
		A5C56D8D1EA4495100874DDE /* robot-icon-120.png in Resources */ = {isa = PBXBuildFile; fileRef = A5C56D841EA4495100874DDE /* robot-icon-120.png */; };
		A5C56D8E1EA4495100874DDE /* robot-icon-180.png in Resources */ = {isa = PBXBuildFile; fileRef = A5C56D851EA4495100874DDE /* robot-icon-180.png */; };
		A5C56D8F1EA4495100874DDE /* robot-icon-40.png in Resources */ = {isa = PBXBuildFile; fileRef = A5C56D861EA4495100874DDE /* robot-icon-40.png */; };
		A5C56D901EA4495100874DDE /* robot-icon-58.png in Resources */ = {isa = PBXBuildFile; fileRef = A5C56D871EA4495100874DDE /* robot-icon-58.png */; };
		A5C56D911EA4495100874DDE /* robot-icon-60.png in Resources */ = {isa = PBXBuildFile; fileRef = A5C56D881EA4495100874DDE /* robot-icon-60.png */; };
		A5C56D921EA4495100874DDE /* robot-icon-80.png in Resources */ = {isa = PBXBuildFile; fileRef = A5C56D891EA4495100874DDE /* robot-icon-80.png */; };
		A5C56D931EA4495100874DDE /* robot-icon-87.png in Resources */ = {isa = PBXBuildFile; fileRef = A5C56D8A1EA4495100874DDE /* robot-icon-87.png */; };
		A5C56D941EA4495100874DDE /* robot-icon.png in Resources */ = {isa = PBXBuildFile; fileRef = A5C56D8B1EA4495100874DDE /* robot-icon.png */; };
		AAD745141E4AD81700BF0F08 /* Action.swift in Sources */ = {isa = PBXBuildFile; fileRef = AAD745131E4AD81700BF0F08 /* Action.swift */; };
/* End PBXBuildFile section */

/* Begin PBXContainerItemProxy section */
		A50FEA041E0746180087A052 /* PBXContainerItemProxy */ = {
			isa = PBXContainerItemProxy;
			containerPortal = A50FE9E41E0746170087A052 /* Project object */;
			proxyType = 1;
			remoteGlobalIDString = A50FE9EB1E0746180087A052;
			remoteInfo = "2017 Scouting Collection";
		};
		A50FEA0F1E0746180087A052 /* PBXContainerItemProxy */ = {
			isa = PBXContainerItemProxy;
			containerPortal = A50FE9E41E0746170087A052 /* Project object */;
			proxyType = 1;
			remoteGlobalIDString = A50FE9EB1E0746180087A052;
			remoteInfo = "2017 Scouting Collection";
		};
/* End PBXContainerItemProxy section */

/* Begin PBXFileReference section */
		136567B1212855BEA316BE5A /* Pods_2017_Scouting_Collection.framework */ = {isa = PBXFileReference; explicitFileType = wrapper.framework; includeInIndex = 0; path = Pods_2017_Scouting_Collection.framework; sourceTree = BUILT_PRODUCTS_DIR; };
		2EFCE9AB3A747DB0594EB95E /* Pods-2017 Scouting CollectionTests.release.xcconfig */ = {isa = PBXFileReference; includeInIndex = 1; lastKnownFileType = text.xcconfig; name = "Pods-2017 Scouting CollectionTests.release.xcconfig"; path = "Pods/Target Support Files/Pods-2017 Scouting CollectionTests/Pods-2017 Scouting CollectionTests.release.xcconfig"; sourceTree = "<group>"; };
		309EE1016393DD860D2C1A26 /* Pods-2017 Scouting Collection.debug.xcconfig */ = {isa = PBXFileReference; includeInIndex = 1; lastKnownFileType = text.xcconfig; name = "Pods-2017 Scouting Collection.debug.xcconfig"; path = "Pods/Target Support Files/Pods-2017 Scouting Collection/Pods-2017 Scouting Collection.debug.xcconfig"; sourceTree = "<group>"; };
		3528550C21F63E4E582DBC94 /* Pods-2017 Scouting CollectionTests.debug.xcconfig */ = {isa = PBXFileReference; includeInIndex = 1; lastKnownFileType = text.xcconfig; name = "Pods-2017 Scouting CollectionTests.debug.xcconfig"; path = "Pods/Target Support Files/Pods-2017 Scouting CollectionTests/Pods-2017 Scouting CollectionTests.debug.xcconfig"; sourceTree = "<group>"; };
		46A2AF603B1ED3100723D5D8 /* Pods_2017_Scouting_CollectionTests.framework */ = {isa = PBXFileReference; explicitFileType = wrapper.framework; includeInIndex = 0; path = Pods_2017_Scouting_CollectionTests.framework; sourceTree = BUILT_PRODUCTS_DIR; };
		85D0CD29AFA25575DECED67D /* Pods-2017 Scouting CollectionUITests.debug.xcconfig */ = {isa = PBXFileReference; includeInIndex = 1; lastKnownFileType = text.xcconfig; name = "Pods-2017 Scouting CollectionUITests.debug.xcconfig"; path = "Pods/Target Support Files/Pods-2017 Scouting CollectionUITests/Pods-2017 Scouting CollectionUITests.debug.xcconfig"; sourceTree = "<group>"; };
		9718167F32699FFFC250E9BE /* Pods-2017 Scouting CollectionUITests.release.xcconfig */ = {isa = PBXFileReference; includeInIndex = 1; lastKnownFileType = text.xcconfig; name = "Pods-2017 Scouting CollectionUITests.release.xcconfig"; path = "Pods/Target Support Files/Pods-2017 Scouting CollectionUITests/Pods-2017 Scouting CollectionUITests.release.xcconfig"; sourceTree = "<group>"; };
		A50FE9EC1E0746180087A052 /* 2017 Scouting Collection.app */ = {isa = PBXFileReference; explicitFileType = wrapper.application; includeInIndex = 0; path = "2017 Scouting Collection.app"; sourceTree = BUILT_PRODUCTS_DIR; };
		A50FE9EF1E0746180087A052 /* AppDelegate.swift */ = {isa = PBXFileReference; lastKnownFileType = sourcecode.swift; path = AppDelegate.swift; sourceTree = "<group>"; };
		A50FE9F11E0746180087A052 /* ViewController.swift */ = {isa = PBXFileReference; lastKnownFileType = sourcecode.swift; path = ViewController.swift; sourceTree = "<group>"; };
		A50FE9F41E0746180087A052 /* Base */ = {isa = PBXFileReference; lastKnownFileType = file.storyboard; name = Base; path = Base.lproj/Main.storyboard; sourceTree = "<group>"; };
		A50FE9F71E0746180087A052 /* _017_Scouting_Collection.xcdatamodel */ = {isa = PBXFileReference; lastKnownFileType = wrapper.xcdatamodel; path = _017_Scouting_Collection.xcdatamodel; sourceTree = "<group>"; };
		A50FE9F91E0746180087A052 /* Assets.xcassets */ = {isa = PBXFileReference; lastKnownFileType = folder.assetcatalog; path = Assets.xcassets; sourceTree = "<group>"; };
		A50FE9FC1E0746180087A052 /* Base */ = {isa = PBXFileReference; lastKnownFileType = file.storyboard; name = Base; path = Base.lproj/LaunchScreen.storyboard; sourceTree = "<group>"; };
		A50FE9FE1E0746180087A052 /* Info.plist */ = {isa = PBXFileReference; lastKnownFileType = text.plist.xml; path = Info.plist; sourceTree = "<group>"; };
		A50FEA031E0746180087A052 /* 2017 Scouting CollectionTests.xctest */ = {isa = PBXFileReference; explicitFileType = wrapper.cfbundle; includeInIndex = 0; path = "2017 Scouting CollectionTests.xctest"; sourceTree = BUILT_PRODUCTS_DIR; };
		A50FEA0E1E0746180087A052 /* 2017 Scouting CollectionUITests.xctest */ = {isa = PBXFileReference; explicitFileType = wrapper.cfbundle; includeInIndex = 0; path = "2017 Scouting CollectionUITests.xctest"; sourceTree = BUILT_PRODUCTS_DIR; };
		A50FEA201E074AD40087A052 /* HomeViewController.swift */ = {isa = PBXFileReference; fileEncoding = 4; lastKnownFileType = sourcecode.swift; name = HomeViewController.swift; path = "View Controllers/HomeViewController.swift"; sourceTree = "<group>"; };
		A53AE68B1E0896DC00240523 /* TableViewCell.swift */ = {isa = PBXFileReference; fileEncoding = 4; lastKnownFileType = sourcecode.swift; name = TableViewCell.swift; path = UI/TableViewCell.swift; sourceTree = "<group>"; };
		A544F1731E09E8550037A898 /* TheRealHomeViewController.swift */ = {isa = PBXFileReference; fileEncoding = 4; lastKnownFileType = sourcecode.swift; name = TheRealHomeViewController.swift; path = "View Controllers/TheRealHomeViewController.swift"; sourceTree = "<group>"; };
		A547FA611E0C917000C14CB0 /* DataModel.swift */ = {isa = PBXFileReference; fileEncoding = 4; lastKnownFileType = sourcecode.swift; name = DataModel.swift; path = ../DataModel.swift; sourceTree = "<group>"; };
		A54A8F831E15EF6B0017753B /* ToggleButton.swift */ = {isa = PBXFileReference; fileEncoding = 4; lastKnownFileType = sourcecode.swift; name = ToggleButton.swift; path = UI/ToggleButton.swift; sourceTree = "<group>"; };
		A55165A11E15234F00502823 /* Button.swift */ = {isa = PBXFileReference; fileEncoding = 4; lastKnownFileType = sourcecode.swift; name = Button.swift; path = UI/Button.swift; sourceTree = "<group>"; };
		A560E98D1E9D37D300E2A0BE /* ServerInteractor.swift */ = {isa = PBXFileReference; fileEncoding = 4; lastKnownFileType = sourcecode.swift; path = ServerInteractor.swift; sourceTree = "<group>"; };
		A560E9901E9D37F900E2A0BE /* CoreDataModel.swift */ = {isa = PBXFileReference; fileEncoding = 4; lastKnownFileType = sourcecode.swift; path = CoreDataModel.swift; sourceTree = "<group>"; };
		A560E9911E9D37F900E2A0BE /* MatchModel.swift */ = {isa = PBXFileReference; fileEncoding = 4; lastKnownFileType = sourcecode.swift; path = MatchModel.swift; sourceTree = "<group>"; };
		A5A2859F1E0E6A0600FEB8A9 /* AutoViewController.swift */ = {isa = PBXFileReference; fileEncoding = 4; lastKnownFileType = sourcecode.swift; name = AutoViewController.swift; path = "View Controllers/AutoViewController.swift"; sourceTree = "<group>"; };
		A5A285A31E0E6A2C00FEB8A9 /* EndgameViewController.swift */ = {isa = PBXFileReference; fileEncoding = 4; lastKnownFileType = sourcecode.swift; name = EndgameViewController.swift; path = "View Controllers/EndgameViewController.swift"; sourceTree = "<group>"; };
		A5A285AB1E0E6AE100FEB8A9 /* QRViewController.swift */ = {isa = PBXFileReference; fileEncoding = 4; lastKnownFileType = sourcecode.swift; name = QRViewController.swift; path = "View Controllers/QRViewController.swift"; sourceTree = "<group>"; };
		A5B693AD1E178CA3003EC6FA /* Lato-Black.ttf */ = {isa = PBXFileReference; lastKnownFileType = file; path = "Lato-Black.ttf"; sourceTree = "<group>"; };
		A5B693AE1E178CA3003EC6FA /* Lato-BlackItalic.ttf */ = {isa = PBXFileReference; lastKnownFileType = file; path = "Lato-BlackItalic.ttf"; sourceTree = "<group>"; };
		A5B693AF1E178CA3003EC6FA /* Lato-Bold.ttf */ = {isa = PBXFileReference; lastKnownFileType = file; path = "Lato-Bold.ttf"; sourceTree = "<group>"; };
		A5B693B01E178CA3003EC6FA /* Lato-BoldItalic.ttf */ = {isa = PBXFileReference; lastKnownFileType = file; path = "Lato-BoldItalic.ttf"; sourceTree = "<group>"; };
		A5B693B11E178CA3003EC6FA /* Lato-Hairline.ttf */ = {isa = PBXFileReference; lastKnownFileType = file; path = "Lato-Hairline.ttf"; sourceTree = "<group>"; };
		A5B693B21E178CA3003EC6FA /* Lato-HairlineItalic.ttf */ = {isa = PBXFileReference; lastKnownFileType = file; path = "Lato-HairlineItalic.ttf"; sourceTree = "<group>"; };
		A5B693B31E178CA3003EC6FA /* Lato-Italic.ttf */ = {isa = PBXFileReference; lastKnownFileType = file; path = "Lato-Italic.ttf"; sourceTree = "<group>"; };
		A5B693B41E178CA3003EC6FA /* Lato-Light.ttf */ = {isa = PBXFileReference; lastKnownFileType = file; path = "Lato-Light.ttf"; sourceTree = "<group>"; };
		A5B693B51E178CA3003EC6FA /* Lato-LightItalic.ttf */ = {isa = PBXFileReference; lastKnownFileType = file; path = "Lato-LightItalic.ttf"; sourceTree = "<group>"; };
		A5B693B61E178CA3003EC6FA /* Lato-Regular.ttf */ = {isa = PBXFileReference; lastKnownFileType = file; path = "Lato-Regular.ttf"; sourceTree = "<group>"; };
		A5B693B71E178CA3003EC6FA /* OFL.txt */ = {isa = PBXFileReference; fileEncoding = 4; lastKnownFileType = text; path = OFL.txt; sourceTree = "<group>"; };
		A5C56D831EA4495100874DDE /* load-screen.png */ = {isa = PBXFileReference; lastKnownFileType = image.png; path = "load-screen.png"; sourceTree = "<group>"; };
		A5C56D841EA4495100874DDE /* robot-icon-120.png */ = {isa = PBXFileReference; lastKnownFileType = image.png; path = "robot-icon-120.png"; sourceTree = "<group>"; };
		A5C56D851EA4495100874DDE /* robot-icon-180.png */ = {isa = PBXFileReference; lastKnownFileType = image.png; path = "robot-icon-180.png"; sourceTree = "<group>"; };
		A5C56D861EA4495100874DDE /* robot-icon-40.png */ = {isa = PBXFileReference; lastKnownFileType = image.png; path = "robot-icon-40.png"; sourceTree = "<group>"; };
		A5C56D871EA4495100874DDE /* robot-icon-58.png */ = {isa = PBXFileReference; lastKnownFileType = image.png; path = "robot-icon-58.png"; sourceTree = "<group>"; };
		A5C56D881EA4495100874DDE /* robot-icon-60.png */ = {isa = PBXFileReference; lastKnownFileType = image.png; path = "robot-icon-60.png"; sourceTree = "<group>"; };
		A5C56D891EA4495100874DDE /* robot-icon-80.png */ = {isa = PBXFileReference; lastKnownFileType = image.png; path = "robot-icon-80.png"; sourceTree = "<group>"; };
		A5C56D8A1EA4495100874DDE /* robot-icon-87.png */ = {isa = PBXFileReference; lastKnownFileType = image.png; path = "robot-icon-87.png"; sourceTree = "<group>"; };
		A5C56D8B1EA4495100874DDE /* robot-icon.png */ = {isa = PBXFileReference; lastKnownFileType = image.png; path = "robot-icon.png"; sourceTree = "<group>"; };
		AAD745131E4AD81700BF0F08 /* Action.swift */ = {isa = PBXFileReference; fileEncoding = 4; lastKnownFileType = sourcecode.swift; path = Action.swift; sourceTree = "<group>"; };
		DCDAABA3A9A00B1C1D66ECC3 /* Pods_2017_Scouting_CollectionUITests.framework */ = {isa = PBXFileReference; explicitFileType = wrapper.framework; includeInIndex = 0; path = Pods_2017_Scouting_CollectionUITests.framework; sourceTree = BUILT_PRODUCTS_DIR; };
		E2113E3F9639B4AD6747C434 /* Pods-2017 Scouting Collection.release.xcconfig */ = {isa = PBXFileReference; includeInIndex = 1; lastKnownFileType = text.xcconfig; name = "Pods-2017 Scouting Collection.release.xcconfig"; path = "Pods/Target Support Files/Pods-2017 Scouting Collection/Pods-2017 Scouting Collection.release.xcconfig"; sourceTree = "<group>"; };
/* End PBXFileReference section */

/* Begin PBXFrameworksBuildPhase section */
		A50FE9E91E0746180087A052 /* Frameworks */ = {
			isa = PBXFrameworksBuildPhase;
			buildActionMask = 2147483647;
			files = (
				03EBA3A9ADE983C3F731B3AA /* Pods_2017_Scouting_Collection.framework in Frameworks */,
			);
			runOnlyForDeploymentPostprocessing = 0;
		};
		A50FEA001E0746180087A052 /* Frameworks */ = {
			isa = PBXFrameworksBuildPhase;
			buildActionMask = 2147483647;
			files = (
				0E21BC00C4EABCE1600A406E /* Pods_2017_Scouting_CollectionTests.framework in Frameworks */,
			);
			runOnlyForDeploymentPostprocessing = 0;
		};
		A50FEA0B1E0746180087A052 /* Frameworks */ = {
			isa = PBXFrameworksBuildPhase;
			buildActionMask = 2147483647;
			files = (
				A22B392EE453C8AAD8E95F6D /* Pods_2017_Scouting_CollectionUITests.framework in Frameworks */,
			);
			runOnlyForDeploymentPostprocessing = 0;
		};
/* End PBXFrameworksBuildPhase section */

/* Begin PBXGroup section */
		A50FE9E31E0746170087A052 = {
			isa = PBXGroup;
			children = (
				A50FE9EE1E0746180087A052 /* 2017 Scouting Collection */,
				A50FE9ED1E0746180087A052 /* Products */,
				CF268CF1FABCEEBAB88F6921 /* Pods */,
				C86FF0AADBB1982061512B6D /* Frameworks */,
			);
			sourceTree = "<group>";
		};
		A50FE9ED1E0746180087A052 /* Products */ = {
			isa = PBXGroup;
			children = (
				A50FE9EC1E0746180087A052 /* 2017 Scouting Collection.app */,
				A50FEA031E0746180087A052 /* 2017 Scouting CollectionTests.xctest */,
				A50FEA0E1E0746180087A052 /* 2017 Scouting CollectionUITests.xctest */,
			);
			name = Products;
			sourceTree = "<group>";
		};
		A50FE9EE1E0746180087A052 /* 2017 Scouting Collection */ = {
			isa = PBXGroup;
			children = (
				A5B693AC1E178CA3003EC6FA /* Lato */,
				A53AE68A1E0896A700240523 /* UI */,
				A50FE9EF1E0746180087A052 /* AppDelegate.swift */,
				A50FE9F31E0746180087A052 /* Main.storyboard */,
				A50FE9F91E0746180087A052 /* Assets.xcassets */,
				A50FE9FB1E0746180087A052 /* LaunchScreen.storyboard */,
				A50FE9FE1E0746180087A052 /* Info.plist */,
				A5C56D821EA4495100874DDE /* img */,
				A560E98F1E9D37F900E2A0BE /* Models */,
				A560E98C1E9D37D300E2A0BE /* Server */,
				A50FEA221E074ADA0087A052 /* View Controllers */,
				AAD745131E4AD81700BF0F08 /* Action.swift */,
			);
			path = "2017 Scouting Collection";
			sourceTree = "<group>";
		};
		A50FEA221E074ADA0087A052 /* View Controllers */ = {
			isa = PBXGroup;
			children = (
				A50FE9F61E0746180087A052 /* _017_Scouting_Collection.xcdatamodeld */,
				A50FE9F11E0746180087A052 /* ViewController.swift */,
				A50FEA201E074AD40087A052 /* HomeViewController.swift */,
				A544F1731E09E8550037A898 /* TheRealHomeViewController.swift */,
				A5A2859F1E0E6A0600FEB8A9 /* AutoViewController.swift */,
				A5A285A31E0E6A2C00FEB8A9 /* EndgameViewController.swift */,
				A5A285AB1E0E6AE100FEB8A9 /* QRViewController.swift */,
			);
			name = "View Controllers";
			sourceTree = "<group>";
		};
		A53AE68A1E0896A700240523 /* UI */ = {
			isa = PBXGroup;
			children = (
				A53AE68B1E0896DC00240523 /* TableViewCell.swift */,
				A55165A11E15234F00502823 /* Button.swift */,
				A54A8F831E15EF6B0017753B /* ToggleButton.swift */,
			);
			name = UI;
			sourceTree = "<group>";
		};
		A560E98C1E9D37D300E2A0BE /* Server */ = {
			isa = PBXGroup;
			children = (
				A560E98D1E9D37D300E2A0BE /* ServerInteractor.swift */,
			);
			path = Server;
			sourceTree = "<group>";
		};
		A560E98F1E9D37F900E2A0BE /* Models */ = {
			isa = PBXGroup;
			children = (
				A560E9901E9D37F900E2A0BE /* CoreDataModel.swift */,
				A560E9911E9D37F900E2A0BE /* MatchModel.swift */,
				A547FA611E0C917000C14CB0 /* DataModel.swift */,
			);
			path = Models;
			sourceTree = "<group>";
		};
		A5B693AC1E178CA3003EC6FA /* Lato */ = {
			isa = PBXGroup;
			children = (
				A5B693AD1E178CA3003EC6FA /* Lato-Black.ttf */,
				A5B693AE1E178CA3003EC6FA /* Lato-BlackItalic.ttf */,
				A5B693AF1E178CA3003EC6FA /* Lato-Bold.ttf */,
				A5B693B01E178CA3003EC6FA /* Lato-BoldItalic.ttf */,
				A5B693B11E178CA3003EC6FA /* Lato-Hairline.ttf */,
				A5B693B21E178CA3003EC6FA /* Lato-HairlineItalic.ttf */,
				A5B693B31E178CA3003EC6FA /* Lato-Italic.ttf */,
				A5B693B41E178CA3003EC6FA /* Lato-Light.ttf */,
				A5B693B51E178CA3003EC6FA /* Lato-LightItalic.ttf */,
				A5B693B61E178CA3003EC6FA /* Lato-Regular.ttf */,
				A5B693B71E178CA3003EC6FA /* OFL.txt */,
			);
			path = Lato;
			sourceTree = "<group>";
		};
		A5C56D821EA4495100874DDE /* img */ = {
			isa = PBXGroup;
			children = (
				A5C56D831EA4495100874DDE /* load-screen.png */,
				A5C56D841EA4495100874DDE /* robot-icon-120.png */,
				A5C56D851EA4495100874DDE /* robot-icon-180.png */,
				A5C56D861EA4495100874DDE /* robot-icon-40.png */,
				A5C56D871EA4495100874DDE /* robot-icon-58.png */,
				A5C56D881EA4495100874DDE /* robot-icon-60.png */,
				A5C56D891EA4495100874DDE /* robot-icon-80.png */,
				A5C56D8A1EA4495100874DDE /* robot-icon-87.png */,
				A5C56D8B1EA4495100874DDE /* robot-icon.png */,
			);
			path = img;
			sourceTree = "<group>";
		};
		C86FF0AADBB1982061512B6D /* Frameworks */ = {
			isa = PBXGroup;
			children = (
				136567B1212855BEA316BE5A /* Pods_2017_Scouting_Collection.framework */,
				46A2AF603B1ED3100723D5D8 /* Pods_2017_Scouting_CollectionTests.framework */,
				DCDAABA3A9A00B1C1D66ECC3 /* Pods_2017_Scouting_CollectionUITests.framework */,
			);
			name = Frameworks;
			sourceTree = "<group>";
		};
		CF268CF1FABCEEBAB88F6921 /* Pods */ = {
			isa = PBXGroup;
			children = (
				309EE1016393DD860D2C1A26 /* Pods-2017 Scouting Collection.debug.xcconfig */,
				E2113E3F9639B4AD6747C434 /* Pods-2017 Scouting Collection.release.xcconfig */,
				3528550C21F63E4E582DBC94 /* Pods-2017 Scouting CollectionTests.debug.xcconfig */,
				2EFCE9AB3A747DB0594EB95E /* Pods-2017 Scouting CollectionTests.release.xcconfig */,
				85D0CD29AFA25575DECED67D /* Pods-2017 Scouting CollectionUITests.debug.xcconfig */,
				9718167F32699FFFC250E9BE /* Pods-2017 Scouting CollectionUITests.release.xcconfig */,
			);
			name = Pods;
			sourceTree = "<group>";
		};
/* End PBXGroup section */

/* Begin PBXNativeTarget section */
		A50FE9EB1E0746180087A052 /* 2017 Scouting Collection */ = {
			isa = PBXNativeTarget;
			buildConfigurationList = A50FEA171E0746180087A052 /* Build configuration list for PBXNativeTarget "2017 Scouting Collection" */;
			buildPhases = (
				7B03565AA7BB3ECF854ABF6D /* [CP] Check Pods Manifest.lock */,
				A50FE9E81E0746180087A052 /* Sources */,
				A50FE9E91E0746180087A052 /* Frameworks */,
				A50FE9EA1E0746180087A052 /* Resources */,
				E8571FC562B17ADF75CB5AC5 /* [CP] Embed Pods Frameworks */,
				969E468BDEBEFC2D5583396F /* [CP] Copy Pods Resources */,
			);
			buildRules = (
			);
			dependencies = (
			);
			name = "2017 Scouting Collection";
			productName = "2017 Scouting Collection";
			productReference = A50FE9EC1E0746180087A052 /* 2017 Scouting Collection.app */;
			productType = "com.apple.product-type.application";
		};
		A50FEA021E0746180087A052 /* 2017 Scouting CollectionTests */ = {
			isa = PBXNativeTarget;
			buildConfigurationList = A50FEA1A1E0746180087A052 /* Build configuration list for PBXNativeTarget "2017 Scouting CollectionTests" */;
			buildPhases = (
				E53867CE9E0C6B949DFDF781 /* [CP] Check Pods Manifest.lock */,
				A50FE9FF1E0746180087A052 /* Sources */,
				A50FEA001E0746180087A052 /* Frameworks */,
				A50FEA011E0746180087A052 /* Resources */,
				1431125103F86B67F617B474 /* [CP] Embed Pods Frameworks */,
				F4863FA9E91AB7755A485C24 /* [CP] Copy Pods Resources */,
			);
			buildRules = (
			);
			dependencies = (
				A50FEA051E0746180087A052 /* PBXTargetDependency */,
			);
			name = "2017 Scouting CollectionTests";
			productName = "2017 Scouting CollectionTests";
			productReference = A50FEA031E0746180087A052 /* 2017 Scouting CollectionTests.xctest */;
			productType = "com.apple.product-type.bundle.unit-test";
		};
		A50FEA0D1E0746180087A052 /* 2017 Scouting CollectionUITests */ = {
			isa = PBXNativeTarget;
			buildConfigurationList = A50FEA1D1E0746180087A052 /* Build configuration list for PBXNativeTarget "2017 Scouting CollectionUITests" */;
			buildPhases = (
				379BB586AA36FE6299C1BE9C /* [CP] Check Pods Manifest.lock */,
				A50FEA0A1E0746180087A052 /* Sources */,
				A50FEA0B1E0746180087A052 /* Frameworks */,
				A50FEA0C1E0746180087A052 /* Resources */,
				E97BE1A3F89635D897D2107A /* [CP] Embed Pods Frameworks */,
				24A1B5ADDAEA14543ADD84A4 /* [CP] Copy Pods Resources */,
			);
			buildRules = (
			);
			dependencies = (
				A50FEA101E0746180087A052 /* PBXTargetDependency */,
			);
			name = "2017 Scouting CollectionUITests";
			productName = "2017 Scouting CollectionUITests";
			productReference = A50FEA0E1E0746180087A052 /* 2017 Scouting CollectionUITests.xctest */;
			productType = "com.apple.product-type.bundle.ui-testing";
		};
/* End PBXNativeTarget section */

/* Begin PBXProject section */
		A50FE9E41E0746170087A052 /* Project object */ = {
			isa = PBXProject;
			attributes = {
				LastSwiftUpdateCheck = 0810;
				LastUpgradeCheck = 0810;
				ORGANIZATIONNAME = "Paly Robotics";
				TargetAttributes = {
					A50FE9EB1E0746180087A052 = {
						CreatedOnToolsVersion = 8.1;
						DevelopmentTeam = 76RDR858HX;
						ProvisioningStyle = Automatic;
					};
					A50FEA021E0746180087A052 = {
						CreatedOnToolsVersion = 8.1;
						ProvisioningStyle = Automatic;
						TestTargetID = A50FE9EB1E0746180087A052;
					};
					A50FEA0D1E0746180087A052 = {
						CreatedOnToolsVersion = 8.1;
						ProvisioningStyle = Automatic;
						TestTargetID = A50FE9EB1E0746180087A052;
					};
				};
			};
			buildConfigurationList = A50FE9E71E0746170087A052 /* Build configuration list for PBXProject "2017 Scouting Collection" */;
			compatibilityVersion = "Xcode 3.2";
			developmentRegion = English;
			hasScannedForEncodings = 0;
			knownRegions = (
				en,
				Base,
			);
			mainGroup = A50FE9E31E0746170087A052;
			productRefGroup = A50FE9ED1E0746180087A052 /* Products */;
			projectDirPath = "";
			projectRoot = "";
			targets = (
				A50FE9EB1E0746180087A052 /* 2017 Scouting Collection */,
				A50FEA021E0746180087A052 /* 2017 Scouting CollectionTests */,
				A50FEA0D1E0746180087A052 /* 2017 Scouting CollectionUITests */,
			);
		};
/* End PBXProject section */

/* Begin PBXResourcesBuildPhase section */
		A50FE9EA1E0746180087A052 /* Resources */ = {
			isa = PBXResourcesBuildPhase;
			buildActionMask = 2147483647;
			files = (
				A5C56D921EA4495100874DDE /* robot-icon-80.png in Resources */,
				A5C56D8E1EA4495100874DDE /* robot-icon-180.png in Resources */,
				A5C56D941EA4495100874DDE /* robot-icon.png in Resources */,
				A5C56D931EA4495100874DDE /* robot-icon-87.png in Resources */,
				A5B693C21E178CA3003EC6FA /* OFL.txt in Resources */,
				A5C56D8D1EA4495100874DDE /* robot-icon-120.png in Resources */,
				A5C56D8F1EA4495100874DDE /* robot-icon-40.png in Resources */,
				A5B693BE1E178CA3003EC6FA /* Lato-Italic.ttf in Resources */,
				A5B693B81E178CA3003EC6FA /* Lato-Black.ttf in Resources */,
				A5C56D901EA4495100874DDE /* robot-icon-58.png in Resources */,
				A5C56D8C1EA4495100874DDE /* load-screen.png in Resources */,
				A5B693BA1E178CA3003EC6FA /* Lato-Bold.ttf in Resources */,
				A5B693BF1E178CA3003EC6FA /* Lato-Light.ttf in Resources */,
				A50FE9FD1E0746180087A052 /* LaunchScreen.storyboard in Resources */,
				A5B693B91E178CA3003EC6FA /* Lato-BlackItalic.ttf in Resources */,
				A50FE9FA1E0746180087A052 /* Assets.xcassets in Resources */,
				A5B693C01E178CA3003EC6FA /* Lato-LightItalic.ttf in Resources */,
				A5B693BD1E178CA3003EC6FA /* Lato-HairlineItalic.ttf in Resources */,
				A5B693BB1E178CA3003EC6FA /* Lato-BoldItalic.ttf in Resources */,
				A5B693C11E178CA3003EC6FA /* Lato-Regular.ttf in Resources */,
				A5B693BC1E178CA3003EC6FA /* Lato-Hairline.ttf in Resources */,
				A50FE9F51E0746180087A052 /* Main.storyboard in Resources */,
				A5C56D911EA4495100874DDE /* robot-icon-60.png in Resources */,
			);
			runOnlyForDeploymentPostprocessing = 0;
		};
		A50FEA011E0746180087A052 /* Resources */ = {
			isa = PBXResourcesBuildPhase;
			buildActionMask = 2147483647;
			files = (
			);
			runOnlyForDeploymentPostprocessing = 0;
		};
		A50FEA0C1E0746180087A052 /* Resources */ = {
			isa = PBXResourcesBuildPhase;
			buildActionMask = 2147483647;
			files = (
			);
			runOnlyForDeploymentPostprocessing = 0;
		};
/* End PBXResourcesBuildPhase section */

/* Begin PBXShellScriptBuildPhase section */
		1431125103F86B67F617B474 /* [CP] Embed Pods Frameworks */ = {
			isa = PBXShellScriptBuildPhase;
			buildActionMask = 2147483647;
			files = (
			);
			inputPaths = (
			);
			name = "[CP] Embed Pods Frameworks";
			outputPaths = (
			);
			runOnlyForDeploymentPostprocessing = 0;
			shellPath = /bin/sh;
			shellScript = "\"${SRCROOT}/Pods/Target Support Files/Pods-2017 Scouting CollectionTests/Pods-2017 Scouting CollectionTests-frameworks.sh\"\n";
			showEnvVarsInLog = 0;
		};
		24A1B5ADDAEA14543ADD84A4 /* [CP] Copy Pods Resources */ = {
			isa = PBXShellScriptBuildPhase;
			buildActionMask = 2147483647;
			files = (
			);
			inputPaths = (
			);
			name = "[CP] Copy Pods Resources";
			outputPaths = (
			);
			runOnlyForDeploymentPostprocessing = 0;
			shellPath = /bin/sh;
			shellScript = "\"${SRCROOT}/Pods/Target Support Files/Pods-2017 Scouting CollectionUITests/Pods-2017 Scouting CollectionUITests-resources.sh\"\n";
			showEnvVarsInLog = 0;
		};
		379BB586AA36FE6299C1BE9C /* [CP] Check Pods Manifest.lock */ = {
			isa = PBXShellScriptBuildPhase;
			buildActionMask = 2147483647;
			files = (
			);
			inputPaths = (
			);
			name = "[CP] Check Pods Manifest.lock";
			outputPaths = (
			);
			runOnlyForDeploymentPostprocessing = 0;
			shellPath = /bin/sh;
			shellScript = "diff \"${PODS_ROOT}/../Podfile.lock\" \"${PODS_ROOT}/Manifest.lock\" > /dev/null\nif [ $? != 0 ] ; then\n    # print error to STDERR\n    echo \"error: The sandbox is not in sync with the Podfile.lock. Run 'pod install' or update your CocoaPods installation.\" >&2\n    exit 1\nfi\n";
			showEnvVarsInLog = 0;
		};
		7B03565AA7BB3ECF854ABF6D /* [CP] Check Pods Manifest.lock */ = {
			isa = PBXShellScriptBuildPhase;
			buildActionMask = 2147483647;
			files = (
			);
			inputPaths = (
			);
			name = "[CP] Check Pods Manifest.lock";
			outputPaths = (
			);
			runOnlyForDeploymentPostprocessing = 0;
			shellPath = /bin/sh;
			shellScript = "diff \"${PODS_ROOT}/../Podfile.lock\" \"${PODS_ROOT}/Manifest.lock\" > /dev/null\nif [ $? != 0 ] ; then\n    # print error to STDERR\n    echo \"error: The sandbox is not in sync with the Podfile.lock. Run 'pod install' or update your CocoaPods installation.\" >&2\n    exit 1\nfi\n";
			showEnvVarsInLog = 0;
		};
		969E468BDEBEFC2D5583396F /* [CP] Copy Pods Resources */ = {
			isa = PBXShellScriptBuildPhase;
			buildActionMask = 2147483647;
			files = (
			);
			inputPaths = (
			);
			name = "[CP] Copy Pods Resources";
			outputPaths = (
			);
			runOnlyForDeploymentPostprocessing = 0;
			shellPath = /bin/sh;
			shellScript = "\"${SRCROOT}/Pods/Target Support Files/Pods-2017 Scouting Collection/Pods-2017 Scouting Collection-resources.sh\"\n";
			showEnvVarsInLog = 0;
		};
		E53867CE9E0C6B949DFDF781 /* [CP] Check Pods Manifest.lock */ = {
			isa = PBXShellScriptBuildPhase;
			buildActionMask = 2147483647;
			files = (
			);
			inputPaths = (
			);
			name = "[CP] Check Pods Manifest.lock";
			outputPaths = (
			);
			runOnlyForDeploymentPostprocessing = 0;
			shellPath = /bin/sh;
			shellScript = "diff \"${PODS_ROOT}/../Podfile.lock\" \"${PODS_ROOT}/Manifest.lock\" > /dev/null\nif [ $? != 0 ] ; then\n    # print error to STDERR\n    echo \"error: The sandbox is not in sync with the Podfile.lock. Run 'pod install' or update your CocoaPods installation.\" >&2\n    exit 1\nfi\n";
			showEnvVarsInLog = 0;
		};
		E8571FC562B17ADF75CB5AC5 /* [CP] Embed Pods Frameworks */ = {
			isa = PBXShellScriptBuildPhase;
			buildActionMask = 2147483647;
			files = (
			);
			inputPaths = (
			);
			name = "[CP] Embed Pods Frameworks";
			outputPaths = (
			);
			runOnlyForDeploymentPostprocessing = 0;
			shellPath = /bin/sh;
			shellScript = "\"${SRCROOT}/Pods/Target Support Files/Pods-2017 Scouting Collection/Pods-2017 Scouting Collection-frameworks.sh\"\n";
			showEnvVarsInLog = 0;
		};
		E97BE1A3F89635D897D2107A /* [CP] Embed Pods Frameworks */ = {
			isa = PBXShellScriptBuildPhase;
			buildActionMask = 2147483647;
			files = (
			);
			inputPaths = (
			);
			name = "[CP] Embed Pods Frameworks";
			outputPaths = (
			);
			runOnlyForDeploymentPostprocessing = 0;
			shellPath = /bin/sh;
			shellScript = "\"${SRCROOT}/Pods/Target Support Files/Pods-2017 Scouting CollectionUITests/Pods-2017 Scouting CollectionUITests-frameworks.sh\"\n";
			showEnvVarsInLog = 0;
		};
		F4863FA9E91AB7755A485C24 /* [CP] Copy Pods Resources */ = {
			isa = PBXShellScriptBuildPhase;
			buildActionMask = 2147483647;
			files = (
			);
			inputPaths = (
			);
			name = "[CP] Copy Pods Resources";
			outputPaths = (
			);
			runOnlyForDeploymentPostprocessing = 0;
			shellPath = /bin/sh;
			shellScript = "\"${SRCROOT}/Pods/Target Support Files/Pods-2017 Scouting CollectionTests/Pods-2017 Scouting CollectionTests-resources.sh\"\n";
			showEnvVarsInLog = 0;
		};
/* End PBXShellScriptBuildPhase section */

/* Begin PBXSourcesBuildPhase section */
		A50FE9E81E0746180087A052 /* Sources */ = {
			isa = PBXSourcesBuildPhase;
			buildActionMask = 2147483647;
			files = (
				A547FA621E0C917000C14CB0 /* DataModel.swift in Sources */,
				AAD745141E4AD81700BF0F08 /* Action.swift in Sources */,
				A544F1741E09E8550037A898 /* TheRealHomeViewController.swift in Sources */,
				A560E9921E9D37F900E2A0BE /* CoreDataModel.swift in Sources */,
				A5A285A41E0E6A2C00FEB8A9 /* EndgameViewController.swift in Sources */,
				A53AE68C1E0896DC00240523 /* TableViewCell.swift in Sources */,
				A5A285A01E0E6A0600FEB8A9 /* AutoViewController.swift in Sources */,
				A50FE9F21E0746180087A052 /* ViewController.swift in Sources */,
				A50FEA211E074AD40087A052 /* HomeViewController.swift in Sources */,
				A560E9931E9D37F900E2A0BE /* MatchModel.swift in Sources */,
				A55165A21E15234F00502823 /* Button.swift in Sources */,
				A54A8F841E15EF6B0017753B /* ToggleButton.swift in Sources */,
				A5A285AC1E0E6AE100FEB8A9 /* QRViewController.swift in Sources */,
				A560E98E1E9D37D300E2A0BE /* ServerInteractor.swift in Sources */,
				A50FE9F81E0746180087A052 /* _017_Scouting_Collection.xcdatamodeld in Sources */,
				A50FE9F01E0746180087A052 /* AppDelegate.swift in Sources */,
			);
			runOnlyForDeploymentPostprocessing = 0;
		};
		A50FE9FF1E0746180087A052 /* Sources */ = {
			isa = PBXSourcesBuildPhase;
			buildActionMask = 2147483647;
			files = (
			);
			runOnlyForDeploymentPostprocessing = 0;
		};
		A50FEA0A1E0746180087A052 /* Sources */ = {
			isa = PBXSourcesBuildPhase;
			buildActionMask = 2147483647;
			files = (
			);
			runOnlyForDeploymentPostprocessing = 0;
		};
/* End PBXSourcesBuildPhase section */

/* Begin PBXTargetDependency section */
		A50FEA051E0746180087A052 /* PBXTargetDependency */ = {
			isa = PBXTargetDependency;
			target = A50FE9EB1E0746180087A052 /* 2017 Scouting Collection */;
			targetProxy = A50FEA041E0746180087A052 /* PBXContainerItemProxy */;
		};
		A50FEA101E0746180087A052 /* PBXTargetDependency */ = {
			isa = PBXTargetDependency;
			target = A50FE9EB1E0746180087A052 /* 2017 Scouting Collection */;
			targetProxy = A50FEA0F1E0746180087A052 /* PBXContainerItemProxy */;
		};
/* End PBXTargetDependency section */

/* Begin PBXVariantGroup section */
		A50FE9F31E0746180087A052 /* Main.storyboard */ = {
			isa = PBXVariantGroup;
			children = (
				A50FE9F41E0746180087A052 /* Base */,
			);
			name = Main.storyboard;
			sourceTree = "<group>";
		};
		A50FE9FB1E0746180087A052 /* LaunchScreen.storyboard */ = {
			isa = PBXVariantGroup;
			children = (
				A50FE9FC1E0746180087A052 /* Base */,
			);
			name = LaunchScreen.storyboard;
			sourceTree = "<group>";
		};
/* End PBXVariantGroup section */

/* Begin XCBuildConfiguration section */
		A50FEA151E0746180087A052 /* Debug */ = {
			isa = XCBuildConfiguration;
			buildSettings = {
				ALWAYS_SEARCH_USER_PATHS = NO;
				CLANG_ANALYZER_NONNULL = YES;
				CLANG_CXX_LANGUAGE_STANDARD = "gnu++0x";
				CLANG_CXX_LIBRARY = "libc++";
				CLANG_ENABLE_MODULES = YES;
				CLANG_ENABLE_OBJC_ARC = YES;
				CLANG_WARN_BOOL_CONVERSION = YES;
				CLANG_WARN_CONSTANT_CONVERSION = YES;
				CLANG_WARN_DIRECT_OBJC_ISA_USAGE = YES_ERROR;
				CLANG_WARN_DOCUMENTATION_COMMENTS = YES;
				CLANG_WARN_EMPTY_BODY = YES;
				CLANG_WARN_ENUM_CONVERSION = YES;
				CLANG_WARN_INFINITE_RECURSION = YES;
				CLANG_WARN_INT_CONVERSION = YES;
				CLANG_WARN_OBJC_ROOT_CLASS = YES_ERROR;
				CLANG_WARN_SUSPICIOUS_MOVES = YES;
				CLANG_WARN_UNREACHABLE_CODE = YES;
				CLANG_WARN__DUPLICATE_METHOD_MATCH = YES;
				"CODE_SIGN_IDENTITY[sdk=iphoneos*]" = "iPhone Developer";
				COPY_PHASE_STRIP = NO;
				DEBUG_INFORMATION_FORMAT = dwarf;
				ENABLE_STRICT_OBJC_MSGSEND = YES;
				ENABLE_TESTABILITY = YES;
				GCC_C_LANGUAGE_STANDARD = gnu99;
				GCC_DYNAMIC_NO_PIC = NO;
				GCC_NO_COMMON_BLOCKS = YES;
				GCC_OPTIMIZATION_LEVEL = 0;
				GCC_PREPROCESSOR_DEFINITIONS = (
					"DEBUG=1",
					"$(inherited)",
				);
				GCC_WARN_64_TO_32_BIT_CONVERSION = YES;
				GCC_WARN_ABOUT_RETURN_TYPE = YES_ERROR;
				GCC_WARN_UNDECLARED_SELECTOR = YES;
				GCC_WARN_UNINITIALIZED_AUTOS = YES_AGGRESSIVE;
				GCC_WARN_UNUSED_FUNCTION = YES;
				GCC_WARN_UNUSED_VARIABLE = YES;
				IPHONEOS_DEPLOYMENT_TARGET = 10.1;
				MTL_ENABLE_DEBUG_INFO = YES;
				ONLY_ACTIVE_ARCH = YES;
				SDKROOT = iphoneos;
				SWIFT_ACTIVE_COMPILATION_CONDITIONS = DEBUG;
				SWIFT_OPTIMIZATION_LEVEL = "-Onone";
				TARGETED_DEVICE_FAMILY = 2;
			};
			name = Debug;
		};
		A50FEA161E0746180087A052 /* Release */ = {
			isa = XCBuildConfiguration;
			buildSettings = {
				ALWAYS_SEARCH_USER_PATHS = NO;
				CLANG_ANALYZER_NONNULL = YES;
				CLANG_CXX_LANGUAGE_STANDARD = "gnu++0x";
				CLANG_CXX_LIBRARY = "libc++";
				CLANG_ENABLE_MODULES = YES;
				CLANG_ENABLE_OBJC_ARC = YES;
				CLANG_WARN_BOOL_CONVERSION = YES;
				CLANG_WARN_CONSTANT_CONVERSION = YES;
				CLANG_WARN_DIRECT_OBJC_ISA_USAGE = YES_ERROR;
				CLANG_WARN_DOCUMENTATION_COMMENTS = YES;
				CLANG_WARN_EMPTY_BODY = YES;
				CLANG_WARN_ENUM_CONVERSION = YES;
				CLANG_WARN_INFINITE_RECURSION = YES;
				CLANG_WARN_INT_CONVERSION = YES;
				CLANG_WARN_OBJC_ROOT_CLASS = YES_ERROR;
				CLANG_WARN_SUSPICIOUS_MOVES = YES;
				CLANG_WARN_UNREACHABLE_CODE = YES;
				CLANG_WARN__DUPLICATE_METHOD_MATCH = YES;
				"CODE_SIGN_IDENTITY[sdk=iphoneos*]" = "iPhone Developer";
				COPY_PHASE_STRIP = NO;
				DEBUG_INFORMATION_FORMAT = "dwarf-with-dsym";
				ENABLE_NS_ASSERTIONS = NO;
				ENABLE_STRICT_OBJC_MSGSEND = YES;
				GCC_C_LANGUAGE_STANDARD = gnu99;
				GCC_NO_COMMON_BLOCKS = YES;
				GCC_WARN_64_TO_32_BIT_CONVERSION = YES;
				GCC_WARN_ABOUT_RETURN_TYPE = YES_ERROR;
				GCC_WARN_UNDECLARED_SELECTOR = YES;
				GCC_WARN_UNINITIALIZED_AUTOS = YES_AGGRESSIVE;
				GCC_WARN_UNUSED_FUNCTION = YES;
				GCC_WARN_UNUSED_VARIABLE = YES;
				IPHONEOS_DEPLOYMENT_TARGET = 10.1;
				MTL_ENABLE_DEBUG_INFO = NO;
				SDKROOT = iphoneos;
				SWIFT_OPTIMIZATION_LEVEL = "-Owholemodule";
				TARGETED_DEVICE_FAMILY = 2;
				VALIDATE_PRODUCT = YES;
			};
			name = Release;
		};
		A50FEA181E0746180087A052 /* Debug */ = {
			isa = XCBuildConfiguration;
			baseConfigurationReference = 309EE1016393DD860D2C1A26 /* Pods-2017 Scouting Collection.debug.xcconfig */;
			buildSettings = {
				ASSETCATALOG_COMPILER_APPICON_NAME = AppIcon;
				DEVELOPMENT_TEAM = 76RDR858HX;
				INFOPLIST_FILE = "2017 Scouting Collection/Info.plist";
				IPHONEOS_DEPLOYMENT_TARGET = 9.0;
				LD_RUNPATH_SEARCH_PATHS = "$(inherited) @executable_path/Frameworks";
				PRODUCT_BUNDLE_IDENTIFIER = "com.palyrobotics.2017-Scouting-Collection";
				PRODUCT_NAME = "$(TARGET_NAME)";
				SWIFT_VERSION = 3.0;
			};
			name = Debug;
		};
		A50FEA191E0746180087A052 /* Release */ = {
			isa = XCBuildConfiguration;
			baseConfigurationReference = E2113E3F9639B4AD6747C434 /* Pods-2017 Scouting Collection.release.xcconfig */;
			buildSettings = {
				ASSETCATALOG_COMPILER_APPICON_NAME = AppIcon;
				DEVELOPMENT_TEAM = 76RDR858HX;
				INFOPLIST_FILE = "2017 Scouting Collection/Info.plist";
				IPHONEOS_DEPLOYMENT_TARGET = 9.0;
				LD_RUNPATH_SEARCH_PATHS = "$(inherited) @executable_path/Frameworks";
				PRODUCT_BUNDLE_IDENTIFIER = "com.palyrobotics.2017-Scouting-Collection";
				PRODUCT_NAME = "$(TARGET_NAME)";
				SWIFT_VERSION = 3.0;
			};
			name = Release;
		};
		A50FEA1B1E0746180087A052 /* Debug */ = {
			isa = XCBuildConfiguration;
			baseConfigurationReference = 3528550C21F63E4E582DBC94 /* Pods-2017 Scouting CollectionTests.debug.xcconfig */;
			buildSettings = {
				ALWAYS_EMBED_SWIFT_STANDARD_LIBRARIES = YES;
				BUNDLE_LOADER = "$(TEST_HOST)";
				INFOPLIST_FILE = "2017 Scouting CollectionTests/Info.plist";
				LD_RUNPATH_SEARCH_PATHS = "$(inherited) @executable_path/Frameworks @loader_path/Frameworks";
				PRODUCT_BUNDLE_IDENTIFIER = "com.palyrobotics.-017-Scouting-CollectionTests";
				PRODUCT_NAME = "$(TARGET_NAME)";
				SWIFT_VERSION = 3.0;
				TEST_HOST = "$(BUILT_PRODUCTS_DIR)/2017 Scouting Collection.app/2017 Scouting Collection";
			};
			name = Debug;
		};
		A50FEA1C1E0746180087A052 /* Release */ = {
			isa = XCBuildConfiguration;
			baseConfigurationReference = 2EFCE9AB3A747DB0594EB95E /* Pods-2017 Scouting CollectionTests.release.xcconfig */;
			buildSettings = {
				ALWAYS_EMBED_SWIFT_STANDARD_LIBRARIES = YES;
				BUNDLE_LOADER = "$(TEST_HOST)";
				INFOPLIST_FILE = "2017 Scouting CollectionTests/Info.plist";
				LD_RUNPATH_SEARCH_PATHS = "$(inherited) @executable_path/Frameworks @loader_path/Frameworks";
				PRODUCT_BUNDLE_IDENTIFIER = "com.palyrobotics.-017-Scouting-CollectionTests";
				PRODUCT_NAME = "$(TARGET_NAME)";
				SWIFT_VERSION = 3.0;
				TEST_HOST = "$(BUILT_PRODUCTS_DIR)/2017 Scouting Collection.app/2017 Scouting Collection";
			};
			name = Release;
		};
		A50FEA1E1E0746180087A052 /* Debug */ = {
			isa = XCBuildConfiguration;
			baseConfigurationReference = 85D0CD29AFA25575DECED67D /* Pods-2017 Scouting CollectionUITests.debug.xcconfig */;
			buildSettings = {
				ALWAYS_EMBED_SWIFT_STANDARD_LIBRARIES = YES;
				INFOPLIST_FILE = "2017 Scouting CollectionUITests/Info.plist";
				LD_RUNPATH_SEARCH_PATHS = "$(inherited) @executable_path/Frameworks @loader_path/Frameworks";
				PRODUCT_BUNDLE_IDENTIFIER = "com.palyrobotics.-017-Scouting-CollectionUITests";
				PRODUCT_NAME = "$(TARGET_NAME)";
				SWIFT_VERSION = 3.0;
				TEST_TARGET_NAME = "2017 Scouting Collection";
			};
			name = Debug;
		};
		A50FEA1F1E0746180087A052 /* Release */ = {
			isa = XCBuildConfiguration;
			baseConfigurationReference = 9718167F32699FFFC250E9BE /* Pods-2017 Scouting CollectionUITests.release.xcconfig */;
			buildSettings = {
				ALWAYS_EMBED_SWIFT_STANDARD_LIBRARIES = YES;
				INFOPLIST_FILE = "2017 Scouting CollectionUITests/Info.plist";
				LD_RUNPATH_SEARCH_PATHS = "$(inherited) @executable_path/Frameworks @loader_path/Frameworks";
				PRODUCT_BUNDLE_IDENTIFIER = "com.palyrobotics.-017-Scouting-CollectionUITests";
				PRODUCT_NAME = "$(TARGET_NAME)";
				SWIFT_VERSION = 3.0;
				TEST_TARGET_NAME = "2017 Scouting Collection";
			};
			name = Release;
		};
/* End XCBuildConfiguration section */

/* Begin XCConfigurationList section */
		A50FE9E71E0746170087A052 /* Build configuration list for PBXProject "2017 Scouting Collection" */ = {
			isa = XCConfigurationList;
			buildConfigurations = (
				A50FEA151E0746180087A052 /* Debug */,
				A50FEA161E0746180087A052 /* Release */,
			);
			defaultConfigurationIsVisible = 0;
			defaultConfigurationName = Release;
		};
		A50FEA171E0746180087A052 /* Build configuration list for PBXNativeTarget "2017 Scouting Collection" */ = {
			isa = XCConfigurationList;
			buildConfigurations = (
				A50FEA181E0746180087A052 /* Debug */,
				A50FEA191E0746180087A052 /* Release */,
			);
			defaultConfigurationIsVisible = 0;
			defaultConfigurationName = Release;
		};
		A50FEA1A1E0746180087A052 /* Build configuration list for PBXNativeTarget "2017 Scouting CollectionTests" */ = {
			isa = XCConfigurationList;
			buildConfigurations = (
				A50FEA1B1E0746180087A052 /* Debug */,
				A50FEA1C1E0746180087A052 /* Release */,
			);
			defaultConfigurationIsVisible = 0;
			defaultConfigurationName = Release;
		};
		A50FEA1D1E0746180087A052 /* Build configuration list for PBXNativeTarget "2017 Scouting CollectionUITests" */ = {
			isa = XCConfigurationList;
			buildConfigurations = (
				A50FEA1E1E0746180087A052 /* Debug */,
				A50FEA1F1E0746180087A052 /* Release */,
			);
			defaultConfigurationIsVisible = 0;
			defaultConfigurationName = Release;
		};
/* End XCConfigurationList section */

/* Begin XCVersionGroup section */
		A50FE9F61E0746180087A052 /* _017_Scouting_Collection.xcdatamodeld */ = {
			isa = XCVersionGroup;
			children = (
				A50FE9F71E0746180087A052 /* _017_Scouting_Collection.xcdatamodel */,
			);
			currentVersion = A50FE9F71E0746180087A052 /* _017_Scouting_Collection.xcdatamodel */;
			path = _017_Scouting_Collection.xcdatamodeld;
			sourceTree = "<group>";
			versionGroupType = wrapper.xcdatamodel;
		};
/* End XCVersionGroup section */
	};
	rootObject = A50FE9E41E0746170087A052 /* Project object */;
}
